PODS:
  - AFNetworking (3.2.1):
    - AFNetworking/NSURLSession (= 3.2.1)
    - AFNetworking/Reachability (= 3.2.1)
    - AFNetworking/Security (= 3.2.1)
    - AFNetworking/Serialization (= 3.2.1)
    - AFNetworking/UIKit (= 3.2.1)
  - AFNetworking/NSURLSession (3.2.1):
    - AFNetworking/Reachability
    - AFNetworking/Security
    - AFNetworking/Serialization
  - AFNetworking/Reachability (3.2.1)
  - AFNetworking/Security (3.2.1)
  - AFNetworking/Serialization (3.2.1)
  - AFNetworking/UIKit (3.2.1):
    - AFNetworking/NSURLSession
  - BlocksKit (2.2.5):
    - BlocksKit/All (= 2.2.5)
  - BlocksKit/All (2.2.5):
    - BlocksKit/Core
    - BlocksKit/DynamicDelegate
    - BlocksKit/MessageUI
    - BlocksKit/UIKit
  - BlocksKit/Core (2.2.5)
  - BlocksKit/DynamicDelegate (2.2.5)
  - BlocksKit/MessageUI (2.2.5):
    - BlocksKit/Core
    - BlocksKit/DynamicDelegate
  - BlocksKit/UIKit (2.2.5):
    - BlocksKit/Core
    - BlocksKit/DynamicDelegate
  - CocoaLumberjack (3.7.2):
    - CocoaLumberjack/Core (= 3.7.2)
  - CocoaLumberjack/Core (3.7.2)
  - DZNEmptyDataSet (1.8.1)
  - FCUUID (1.3.1):
    - UICKeyChainStore (~> 2.1.0)
  - FontAwesomeKit (2.2.1):
    - FontAwesomeKit/Core (= 2.2.1)
    - FontAwesomeKit/FontAwesome (= 2.2.1)
    - FontAwesomeKit/FoundationIcons (= 2.2.1)
    - FontAwesomeKit/IonIcons (= 2.2.1)
    - FontAwesomeKit/Material (= 2.2.1)
    - FontAwesomeKit/Octicons (= 2.2.1)
    - FontAwesomeKit/Zocial (= 2.2.1)
  - FontAwesomeKit/Core (2.2.1)
  - FontAwesomeKit/FontAwesome (2.2.1):
    - FontAwesomeKit/Core
  - FontAwesomeKit/FoundationIcons (2.2.1):
    - FontAwesomeKit/Core
  - FontAwesomeKit/IonIcons (2.2.1):
    - FontAwesomeKit/Core
  - FontAwesomeKit/Material (2.2.1):
    - FontAwesomeKit/Core
  - FontAwesomeKit/Octicons (2.2.1):
    - FontAwesomeKit/Core
  - FontAwesomeKit/Zocial (2.2.1):
    - FontAwesomeKit/Core
  - Giotto (0.3.7):
    - Giotto/Core (= 0.3.7)
  - Giotto/Core (0.3.7)
  - GVUserDefaults (1.0.2)
  - IQKeyboardManager (6.5.6)
  - JLRoutes (2.1)
  - LSAnimator (2.1.5)
  - Mantle (2.1.1):
    - Mantle/extobjc (= 2.1.1)
  - Mantle/extobjc (2.1.1)
  - Masonry (1.1.0)
  - MJRefresh (3.7.2)
  - MXParallaxHeader (1.1.0)
  - OCFrame (1.0.1):
    - CocoaLumberjack (= 3.7.2)
    - DZNEmptyDataSet (= 1.8.1)
    - FCUUID (= 1.3.1)
    - Giotto (= 0.3.7)
    - GVUserDefaults (= 1.0.2)
    - JLRoutes (= 2.1)
    - MJRefresh (= 3.7.2)
    - PINCache (= 3.0.3)
    - QMUIKit/QMUICore (= 4.3.0)
    - RESTful (= 1.0.0)
    - SDWebImage (= 5.12.1)
    - Toast (= 4.0.0)
    - TYAlertController (= 1.2.0)
  - OHHTTPStubs (9.1.0):
    - OHHTTPStubs/Default (= 9.1.0)
  - OHHTTPStubs/Core (9.1.0)
  - OHHTTPStubs/Default (9.1.0):
    - OHHTTPStubs/Core
    - OHHTTPStubs/JSON
    - OHHTTPStubs/NSURLSession
    - OHHTTPStubs/OHPathHelpers
  - OHHTTPStubs/JSON (9.1.0):
    - OHHTTPStubs/Core
  - OHHTTPStubs/NSURLSession (9.1.0):
    - OHHTTPStubs/Core
  - OHHTTPStubs/OHPathHelpers (9.1.0)
  - PINCache (3.0.3):
    - PINCache/Arc-exception-safe (= 3.0.3)
    - PINCache/Core (= 3.0.3)
  - PINCache/Arc-exception-safe (3.0.3):
    - PINCache/Core
  - PINCache/Core (3.0.3):
    - PINOperation (~> 1.2.1)
  - PINOperation (1.2.1)
  - QMUIKit/QMUICore (4.3.0):
    - QMUIKit/QMUILog
    - QMUIKit/QMUIWeakObjectContainer
  - QMUIKit/QMUILog (4.3.0)
  - QMUIKit/QMUIWeakObjectContainer (4.3.0)
  - R.objc (0.8.2)
  - ReactiveObjC (3.1.1)
  - RESTful (1.0.0):
    - AFNetworking (= 3.2.1)
    - Mantle (= 2.1.1)
    - ReactiveObjC (= 3.1.1)
  - SDWebImage (5.12.1):
    - SDWebImage/Core (= 5.12.1)
  - SDWebImage/Core (5.12.1)
  - TMCache (2.1.0)
  - Toast (4.0.0)
  - TYAlertController (1.2.0)
  - UICKeyChainStore (2.1.2)

DEPENDENCIES:
  - BlocksKit (= 2.2.5)
  - FontAwesomeKit (= 2.2.1)
  - IQKeyboardManager (= 6.5.6)
  - LSAnimator (= 2.1.5)
  - Masonry (= 1.1.0)
  - MXParallaxHeader (= 1.1.0)
  - OCFrame (from `../OCFrame`)
  - OHHTTPStubs (= 9.1.0)
  - R.objc (= 0.8.2)
  - TMCache (= 2.1.0)

SPEC REPOS:
  https://github.com/CocoaPods/Specs.git:
    - AFNetworking
    - BlocksKit
    - CocoaLumberjack
    - DZNEmptyDataSet
    - FCUUID
    - FontAwesomeKit
    - Giotto
    - GVUserDefaults
    - IQKeyboardManager
    - JLRoutes
    - LSAnimator
    - Mantle
    - Masonry
    - MJRefresh
    - MXParallaxHeader
    - OHHTTPStubs
    - PINCache
    - PINOperation
    - QMUIKit
    - R.objc
    - ReactiveObjC
    - RESTful
    - SDWebImage
    - TMCache
    - Toast
    - TYAlertController
    - UICKeyChainStore

EXTERNAL SOURCES:
  OCFrame:
    :path: "../OCFrame"

SPEC CHECKSUMS:
  AFNetworking: b6f891fdfaed196b46c7a83cf209e09697b94057
  BlocksKit: 7f422b971407001178d181a43b99014ea2591fe6
  CocoaLumberjack: b7e05132ff94f6ae4dfa9d5bce9141893a21d9da
  DZNEmptyDataSet: 9525833b9e68ac21c30253e1d3d7076cc828eaa7
  FCUUID: bb054fc90cd7cd99320f9f6ff8e130fe607fba05
  FontAwesomeKit: 3614979b3dbb0ec3f7fac1bd760b91f66c31db67
  Giotto: c387de1f31a4a9c69a65ed8e9e333212d48a6564
  GVUserDefaults: 52d48cf8ba578b40a1a76312b196dfc9134ba36a
  IQKeyboardManager: 2a6e97afdafc7becf0cb17a9a8d795e3a980717f
  JLRoutes: d755245322b94227662ea3e43492fdca94e05c5b
  LSAnimator: f24d46b5f9b1ecedba14dc76a18e8fe2bbf681ea
  Mantle: 35238ae6f2e2b2d474fa7b67fee82a59fea71915
  Masonry: 678fab65091a9290e40e2832a55e7ab731aad201
  MJRefresh: 30997d30b347c8e9508a4db11e3a690da0c9b85a
  MXParallaxHeader: de3c867e10ba46e8f6e20c8ee1f2a910372b3b94
  OCFrame: 76a876be36241a38de999b132afdef0371eea5fb
  OHHTTPStubs: 90eac6d8f2c18317baeca36698523dc67c513831
  PINCache: 7a8fc1a691173d21dbddbf86cd515de6efa55086
  PINOperation: 00c935935f1e8cf0d1e2d6b542e75b88fc3e5e20
  QMUIKit: 67888be9aa0ee0b12b8a219fcea2eec900afd841
  R.objc: bd0a4ef693bc8f9daa4e658d99afe1e01d204e7d
  ReactiveObjC: 011caa393aa0383245f2dcf9bf02e86b80b36040
  RESTful: aa6d29b4104f0742f2982d5360afd4ec00b1ea21
  SDWebImage: 4dc3e42d9ec0c1028b960a33ac6b637bb432207b
  TMCache: 95ebcc9b3c7e90fb5fd8fc3036cba3aa781c9bed
  Toast: 91b396c56ee72a5790816f40d3a94dd357abc196
  TYAlertController: c121090edb0bea7426f987da94cdddd81eef4231
  UICKeyChainStore: 85db518bb1d294366d15ec9b92a416c4e670518f

PODFILE CHECKSUM: 2178ce7483bad4b6691771eca86608dd7d021a43

COCOAPODS: 1.11.2
