// !$*UTF8*$!
{
	archiveVersion = 1;
	classes = {
	};
	objectVersion = 50;
	objects = {

/* Begin PBXBuildFile section */
		79A41BB4248E2D8F009FF527 /* AppDelegate.m in Sources */ = {isa = PBXBuildFile; fileRef = 79A41BB3248E2D8F009FF527 /* AppDelegate.m */; };
		79A41BBF248E2D91009FF527 /* Assets.xcassets in Resources */ = {isa = PBXBuildFile; fileRef = 79A41BBE248E2D91009FF527 /* Assets.xcassets */; };
		79A41BC2248E2D91009FF527 /* LaunchScreen.storyboard in Resources */ = {isa = PBXBuildFile; fileRef = 79A41BC0248E2D91009FF527 /* LaunchScreen.storyboard */; };
		79A41BC5248E2D91009FF527 /* main.m in Sources */ = {isa = PBXBuildFile; fileRef = 79A41BC4248E2D91009FF527 /* main.m */; };
		79A41BCF248E2D91009FF527 /* OCHubTests.m in Sources */ = {isa = PBXBuildFile; fileRef = 79A41BCE248E2D91009FF527 /* OCHubTests.m */; };
		79A41BDA248E2D91009FF527 /* OCHubUITests.m in Sources */ = {isa = PBXBuildFile; fileRef = 79A41BD9248E2D91009FF527 /* OCHubUITests.m */; };
		C620363C57593C49E154C7BD /* Pods_OCHub.framework in Frameworks */ = {isa = PBXBuildFile; fileRef = 5E680E4D30A19F1DCAB0F287 /* Pods_OCHub.framework */; };
/* End PBXBuildFile section */

/* Begin PBXContainerItemProxy section */
		79A41BCB248E2D91009FF527 /* PBXContainerItemProxy */ = {
			isa = PBXContainerItemProxy;
			containerPortal = 79A41BA7248E2D8F009FF527 /* Project object */;
			proxyType = 1;
			remoteGlobalIDString = 79A41BAE248E2D8F009FF527;
			remoteInfo = OCHub;
		};
		79A41BD6248E2D91009FF527 /* PBXContainerItemProxy */ = {
			isa = PBXContainerItemProxy;
			containerPortal = 79A41BA7248E2D8F009FF527 /* Project object */;
			proxyType = 1;
			remoteGlobalIDString = 79A41BAE248E2D8F009FF527;
			remoteInfo = OCHub;
		};
/* End PBXContainerItemProxy section */

/* Begin PBXFileReference section */
		5E680E4D30A19F1DCAB0F287 /* Pods_OCHub.framework */ = {isa = PBXFileReference; explicitFileType = wrapper.framework; includeInIndex = 0; path = Pods_OCHub.framework; sourceTree = BUILT_PRODUCTS_DIR; };
		79A41BAF248E2D8F009FF527 /* OCHub.app */ = {isa = PBXFileReference; explicitFileType = wrapper.application; includeInIndex = 0; path = OCHub.app; sourceTree = BUILT_PRODUCTS_DIR; };
		79A41BB2248E2D8F009FF527 /* AppDelegate.h */ = {isa = PBXFileReference; lastKnownFileType = sourcecode.c.h; path = AppDelegate.h; sourceTree = "<group>"; };
		79A41BB3248E2D8F009FF527 /* AppDelegate.m */ = {isa = PBXFileReference; lastKnownFileType = sourcecode.c.objc; path = AppDelegate.m; sourceTree = "<group>"; };
		79A41BBE248E2D91009FF527 /* Assets.xcassets */ = {isa = PBXFileReference; lastKnownFileType = folder.assetcatalog; path = Assets.xcassets; sourceTree = "<group>"; };
		79A41BC1248E2D91009FF527 /* Base */ = {isa = PBXFileReference; lastKnownFileType = file.storyboard; name = Base; path = Base.lproj/LaunchScreen.storyboard; sourceTree = "<group>"; };
		79A41BC3248E2D91009FF527 /* Info.plist */ = {isa = PBXFileReference; lastKnownFileType = text.plist.xml; path = Info.plist; sourceTree = "<group>"; };
		79A41BC4248E2D91009FF527 /* main.m */ = {isa = PBXFileReference; lastKnownFileType = sourcecode.c.objc; path = main.m; sourceTree = "<group>"; };
		79A41BCA248E2D91009FF527 /* OCHubTests.xctest */ = {isa = PBXFileReference; explicitFileType = wrapper.cfbundle; includeInIndex = 0; path = OCHubTests.xctest; sourceTree = BUILT_PRODUCTS_DIR; };
		79A41BCE248E2D91009FF527 /* OCHubTests.m */ = {isa = PBXFileReference; lastKnownFileType = sourcecode.c.objc; path = OCHubTests.m; sourceTree = "<group>"; };
		79A41BD0248E2D91009FF527 /* Info.plist */ = {isa = PBXFileReference; lastKnownFileType = text.plist.xml; path = Info.plist; sourceTree = "<group>"; };
		79A41BD5248E2D91009FF527 /* OCHubUITests.xctest */ = {isa = PBXFileReference; explicitFileType = wrapper.cfbundle; includeInIndex = 0; path = OCHubUITests.xctest; sourceTree = BUILT_PRODUCTS_DIR; };
		79A41BD9248E2D91009FF527 /* OCHubUITests.m */ = {isa = PBXFileReference; lastKnownFileType = sourcecode.c.objc; path = OCHubUITests.m; sourceTree = "<group>"; };
		79A41BDB248E2D91009FF527 /* Info.plist */ = {isa = PBXFileReference; lastKnownFileType = text.plist.xml; path = Info.plist; sourceTree = "<group>"; };
		A85735012F2262F7586F8430 /* Pods-OCHub.debug.xcconfig */ = {isa = PBXFileReference; includeInIndex = 1; lastKnownFileType = text.xcconfig; name = "Pods-OCHub.debug.xcconfig"; path = "Target Support Files/Pods-OCHub/Pods-OCHub.debug.xcconfig"; sourceTree = "<group>"; };
		C19E929731BB66A081A013BE /* Pods-OCHub.release.xcconfig */ = {isa = PBXFileReference; includeInIndex = 1; lastKnownFileType = text.xcconfig; name = "Pods-OCHub.release.xcconfig"; path = "Target Support Files/Pods-OCHub/Pods-OCHub.release.xcconfig"; sourceTree = "<group>"; };
/* End PBXFileReference section */

/* Begin PBXFrameworksBuildPhase section */
		79A41BAC248E2D8F009FF527 /* Frameworks */ = {
			isa = PBXFrameworksBuildPhase;
			buildActionMask = 2147483647;
			files = (
				C620363C57593C49E154C7BD /* Pods_OCHub.framework in Frameworks */,
			);
			runOnlyForDeploymentPostprocessing = 0;
		};
		79A41BC7248E2D91009FF527 /* Frameworks */ = {
			isa = PBXFrameworksBuildPhase;
			buildActionMask = 2147483647;
			files = (
			);
			runOnlyForDeploymentPostprocessing = 0;
		};
		79A41BD2248E2D91009FF527 /* Frameworks */ = {
			isa = PBXFrameworksBuildPhase;
			buildActionMask = 2147483647;
			files = (
			);
			runOnlyForDeploymentPostprocessing = 0;
		};
/* End PBXFrameworksBuildPhase section */

/* Begin PBXGroup section */
		79A41BA6248E2D8F009FF527 = {
			isa = PBXGroup;
			children = (
				79A41BB1248E2D8F009FF527 /* OCHub */,
				79A41BCD248E2D91009FF527 /* OCHubTests */,
				79A41BD8248E2D91009FF527 /* OCHubUITests */,
				79A41BB0248E2D8F009FF527 /* Products */,
				8D48A5A0F82BC67E0D6009F8 /* Pods */,
				F1E688EF91974C363B830FDB /* Frameworks */,
			);
			sourceTree = "<group>";
		};
		79A41BB0248E2D8F009FF527 /* Products */ = {
			isa = PBXGroup;
			children = (
				79A41BAF248E2D8F009FF527 /* OCHub.app */,
				79A41BCA248E2D91009FF527 /* OCHubTests.xctest */,
				79A41BD5248E2D91009FF527 /* OCHubUITests.xctest */,
			);
			name = Products;
			sourceTree = "<group>";
		};
		79A41BB1248E2D8F009FF527 /* OCHub */ = {
			isa = PBXGroup;
			children = (
				79A41BE7248E2EA5009FF527 /* Core */,
			);
			path = OCHub;
			sourceTree = "<group>";
		};
		79A41BCD248E2D91009FF527 /* OCHubTests */ = {
			isa = PBXGroup;
			children = (
				79A41BCE248E2D91009FF527 /* OCHubTests.m */,
				79A41BD0248E2D91009FF527 /* Info.plist */,
			);
			path = OCHubTests;
			sourceTree = "<group>";
		};
		79A41BD8248E2D91009FF527 /* OCHubUITests */ = {
			isa = PBXGroup;
			children = (
				79A41BD9248E2D91009FF527 /* OCHubUITests.m */,
				79A41BDB248E2D91009FF527 /* Info.plist */,
			);
			path = OCHubUITests;
			sourceTree = "<group>";
		};
		79A41BE7248E2EA5009FF527 /* Core */ = {
			isa = PBXGroup;
			children = (
				79A41BB2248E2D8F009FF527 /* AppDelegate.h */,
				79A41BB3248E2D8F009FF527 /* AppDelegate.m */,
				79A41BBE248E2D91009FF527 /* Assets.xcassets */,
				79A41BC0248E2D91009FF527 /* LaunchScreen.storyboard */,
				79A41BC3248E2D91009FF527 /* Info.plist */,
				79A41BC4248E2D91009FF527 /* main.m */,
			);
			name = Core;
			sourceTree = "<group>";
		};
		8D48A5A0F82BC67E0D6009F8 /* Pods */ = {
			isa = PBXGroup;
			children = (
				A85735012F2262F7586F8430 /* Pods-OCHub.debug.xcconfig */,
				C19E929731BB66A081A013BE /* Pods-OCHub.release.xcconfig */,
			);
			name = Pods;
			path = Pods;
			sourceTree = "<group>";
		};
		F1E688EF91974C363B830FDB /* Frameworks */ = {
			isa = PBXGroup;
			children = (
				5E680E4D30A19F1DCAB0F287 /* Pods_OCHub.framework */,
			);
			name = Frameworks;
			sourceTree = "<group>";
		};
/* End PBXGroup section */

/* Begin PBXNativeTarget section */
		79A41BAE248E2D8F009FF527 /* OCHub */ = {
			isa = PBXNativeTarget;
			buildConfigurationList = 79A41BDE248E2D91009FF527 /* Build configuration list for PBXNativeTarget "OCHub" */;
			buildPhases = (
				0CE7BD496D41D7D466CC074C /* [CP] Check Pods Manifest.lock */,
				79A41BAB248E2D8F009FF527 /* Sources */,
				79A41BAC248E2D8F009FF527 /* Frameworks */,
				79A41BAD248E2D8F009FF527 /* Resources */,
				8C4DE07782CC35E2CB87F627 /* [CP] Embed Pods Frameworks */,
			);
			buildRules = (
			);
			dependencies = (
			);
			name = OCHub;
			productName = OCHub;
			productReference = 79A41BAF248E2D8F009FF527 /* OCHub.app */;
			productType = "com.apple.product-type.application";
		};
		79A41BC9248E2D91009FF527 /* OCHubTests */ = {
			isa = PBXNativeTarget;
			buildConfigurationList = 79A41BE1248E2D91009FF527 /* Build configuration list for PBXNativeTarget "OCHubTests" */;
			buildPhases = (
				79A41BC6248E2D91009FF527 /* Sources */,
				79A41BC7248E2D91009FF527 /* Frameworks */,
				79A41BC8248E2D91009FF527 /* Resources */,
			);
			buildRules = (
			);
			dependencies = (
				79A41BCC248E2D91009FF527 /* PBXTargetDependency */,
			);
			name = OCHubTests;
			productName = OCHubTests;
			productReference = 79A41BCA248E2D91009FF527 /* OCHubTests.xctest */;
			productType = "com.apple.product-type.bundle.unit-test";
		};
		79A41BD4248E2D91009FF527 /* OCHubUITests */ = {
			isa = PBXNativeTarget;
			buildConfigurationList = 79A41BE4248E2D91009FF527 /* Build configuration list for PBXNativeTarget "OCHubUITests" */;
			buildPhases = (
				79A41BD1248E2D91009FF527 /* Sources */,
				79A41BD2248E2D91009FF527 /* Frameworks */,
				79A41BD3248E2D91009FF527 /* Resources */,
			);
			buildRules = (
			);
			dependencies = (
				79A41BD7248E2D91009FF527 /* PBXTargetDependency */,
			);
			name = OCHubUITests;
			productName = OCHubUITests;
			productReference = 79A41BD5248E2D91009FF527 /* OCHubUITests.xctest */;
			productType = "com.apple.product-type.bundle.ui-testing";
		};
/* End PBXNativeTarget section */

/* Begin PBXProject section */
		79A41BA7248E2D8F009FF527 /* Project object */ = {
			isa = PBXProject;
			attributes = {
				LastUpgradeCheck = 1130;
				ORGANIZATIONNAME = "杨建祥";
				TargetAttributes = {
					79A41BAE248E2D8F009FF527 = {
						CreatedOnToolsVersion = 11.3.1;
					};
					79A41BC9248E2D91009FF527 = {
						CreatedOnToolsVersion = 11.3.1;
						TestTargetID = 79A41BAE248E2D8F009FF527;
					};
					79A41BD4248E2D91009FF527 = {
						CreatedOnToolsVersion = 11.3.1;
						TestTargetID = 79A41BAE248E2D8F009FF527;
					};
				};
			};
			buildConfigurationList = 79A41BAA248E2D8F009FF527 /* Build configuration list for PBXProject "OCHub" */;
			compatibilityVersion = "Xcode 9.3";
			developmentRegion = en;
			hasScannedForEncodings = 0;
			knownRegions = (
				en,
				Base,
			);
			mainGroup = 79A41BA6248E2D8F009FF527;
			productRefGroup = 79A41BB0248E2D8F009FF527 /* Products */;
			projectDirPath = "";
			projectRoot = "";
			targets = (
				79A41BAE248E2D8F009FF527 /* OCHub */,
				79A41BC9248E2D91009FF527 /* OCHubTests */,
				79A41BD4248E2D91009FF527 /* OCHubUITests */,
			);
		};
/* End PBXProject section */

/* Begin PBXResourcesBuildPhase section */
		79A41BAD248E2D8F009FF527 /* Resources */ = {
			isa = PBXResourcesBuildPhase;
			buildActionMask = 2147483647;
			files = (
				79A41BC2248E2D91009FF527 /* LaunchScreen.storyboard in Resources */,
				79A41BBF248E2D91009FF527 /* Assets.xcassets in Resources */,
			);
			runOnlyForDeploymentPostprocessing = 0;
		};
		79A41BC8248E2D91009FF527 /* Resources */ = {
			isa = PBXResourcesBuildPhase;
			buildActionMask = 2147483647;
			files = (
			);
			runOnlyForDeploymentPostprocessing = 0;
		};
		79A41BD3248E2D91009FF527 /* Resources */ = {
			isa = PBXResourcesBuildPhase;
			buildActionMask = 2147483647;
			files = (
			);
			runOnlyForDeploymentPostprocessing = 0;
		};
/* End PBXResourcesBuildPhase section */

/* Begin PBXShellScriptBuildPhase section */
		0CE7BD496D41D7D466CC074C /* [CP] Check Pods Manifest.lock */ = {
			isa = PBXShellScriptBuildPhase;
			buildActionMask = 2147483647;
			files = (
			);
			inputFileListPaths = (
			);
			inputPaths = (
				"${PODS_PODFILE_DIR_PATH}/Podfile.lock",
				"${PODS_ROOT}/Manifest.lock",
			);
			name = "[CP] Check Pods Manifest.lock";
			outputFileListPaths = (
			);
			outputPaths = (
				"$(DERIVED_FILE_DIR)/Pods-OCHub-checkManifestLockResult.txt",
			);
			runOnlyForDeploymentPostprocessing = 0;
			shellPath = /bin/sh;
			shellScript = "diff \"${PODS_PODFILE_DIR_PATH}/Podfile.lock\" \"${PODS_ROOT}/Manifest.lock\" > /dev/null\nif [ $? != 0 ] ; then\n    # print error to STDERR\n    echo \"error: The sandbox is not in sync with the Podfile.lock. Run 'pod install' or update your CocoaPods installation.\" >&2\n    exit 1\nfi\n# This output is used by Xcode 'outputs' to avoid re-running this script phase.\necho \"SUCCESS\" > \"${SCRIPT_OUTPUT_FILE_0}\"\n";
			showEnvVarsInLog = 0;
		};
		8C4DE07782CC35E2CB87F627 /* [CP] Embed Pods Frameworks */ = {
			isa = PBXShellScriptBuildPhase;
			buildActionMask = 2147483647;
			files = (
			);
			inputFileListPaths = (
				"${PODS_ROOT}/Target Support Files/Pods-OCHub/Pods-OCHub-frameworks-${CONFIGURATION}-input-files.xcfilelist",
			);
			name = "[CP] Embed Pods Frameworks";
			outputFileListPaths = (
				"${PODS_ROOT}/Target Support Files/Pods-OCHub/Pods-OCHub-frameworks-${CONFIGURATION}-output-files.xcfilelist",
			);
			runOnlyForDeploymentPostprocessing = 0;
			shellPath = /bin/sh;
			shellScript = "\"${PODS_ROOT}/Target Support Files/Pods-OCHub/Pods-OCHub-frameworks.sh\"\n";
			showEnvVarsInLog = 0;
		};
/* End PBXShellScriptBuildPhase section */

/* Begin PBXSourcesBuildPhase section */
		79A41BAB248E2D8F009FF527 /* Sources */ = {
			isa = PBXSourcesBuildPhase;
			buildActionMask = 2147483647;
			files = (
				79A41BB4248E2D8F009FF527 /* AppDelegate.m in Sources */,
				79A41BC5248E2D91009FF527 /* main.m in Sources */,
			);
			runOnlyForDeploymentPostprocessing = 0;
		};
		79A41BC6248E2D91009FF527 /* Sources */ = {
			isa = PBXSourcesBuildPhase;
			buildActionMask = 2147483647;
			files = (
				79A41BCF248E2D91009FF527 /* OCHubTests.m in Sources */,
			);
			runOnlyForDeploymentPostprocessing = 0;
		};
		79A41BD1248E2D91009FF527 /* Sources */ = {
			isa = PBXSourcesBuildPhase;
			buildActionMask = 2147483647;
			files = (
				79A41BDA248E2D91009FF527 /* OCHubUITests.m in Sources */,
			);
			runOnlyForDeploymentPostprocessing = 0;
		};
/* End PBXSourcesBuildPhase section */

/* Begin PBXTargetDependency section */
		79A41BCC248E2D91009FF527 /* PBXTargetDependency */ = {
			isa = PBXTargetDependency;
			target = 79A41BAE248E2D8F009FF527 /* OCHub */;
			targetProxy = 79A41BCB248E2D91009FF527 /* PBXContainerItemProxy */;
		};
		79A41BD7248E2D91009FF527 /* PBXTargetDependency */ = {
			isa = PBXTargetDependency;
			target = 79A41BAE248E2D8F009FF527 /* OCHub */;
			targetProxy = 79A41BD6248E2D91009FF527 /* PBXContainerItemProxy */;
		};
/* End PBXTargetDependency section */

/* Begin PBXVariantGroup section */
		79A41BC0248E2D91009FF527 /* LaunchScreen.storyboard */ = {
			isa = PBXVariantGroup;
			children = (
				79A41BC1248E2D91009FF527 /* Base */,
			);
			name = LaunchScreen.storyboard;
			sourceTree = "<group>";
		};
/* End PBXVariantGroup section */

/* Begin XCBuildConfiguration section */
		79A41BDC248E2D91009FF527 /* Debug */ = {
			isa = XCBuildConfiguration;
			buildSettings = {
				ALWAYS_SEARCH_USER_PATHS = NO;
				CLANG_ANALYZER_NONNULL = YES;
				CLANG_ANALYZER_NUMBER_OBJECT_CONVERSION = YES_AGGRESSIVE;
				CLANG_CXX_LANGUAGE_STANDARD = "gnu++14";
				CLANG_CXX_LIBRARY = "libc++";
				CLANG_ENABLE_MODULES = YES;
				CLANG_ENABLE_OBJC_ARC = YES;
				CLANG_ENABLE_OBJC_WEAK = YES;
				CLANG_WARN_BLOCK_CAPTURE_AUTORELEASING = YES;
				CLANG_WARN_BOOL_CONVERSION = YES;
				CLANG_WARN_COMMA = YES;
				CLANG_WARN_CONSTANT_CONVERSION = YES;
				CLANG_WARN_DEPRECATED_OBJC_IMPLEMENTATIONS = YES;
				CLANG_WARN_DIRECT_OBJC_ISA_USAGE = YES_ERROR;
				CLANG_WARN_DOCUMENTATION_COMMENTS = YES;
				CLANG_WARN_EMPTY_BODY = YES;
				CLANG_WARN_ENUM_CONVERSION = YES;
				CLANG_WARN_INFINITE_RECURSION = YES;
				CLANG_WARN_INT_CONVERSION = YES;
				CLANG_WARN_NON_LITERAL_NULL_CONVERSION = YES;
				CLANG_WARN_OBJC_IMPLICIT_RETAIN_SELF = YES;
				CLANG_WARN_OBJC_LITERAL_CONVERSION = YES;
				CLANG_WARN_OBJC_ROOT_CLASS = YES_ERROR;
				CLANG_WARN_RANGE_LOOP_ANALYSIS = YES;
				CLANG_WARN_STRICT_PROTOTYPES = YES;
				CLANG_WARN_SUSPICIOUS_MOVE = YES;
				CLANG_WARN_UNGUARDED_AVAILABILITY = YES_AGGRESSIVE;
				CLANG_WARN_UNREACHABLE_CODE = YES;
				CLANG_WARN__DUPLICATE_METHOD_MATCH = YES;
				COPY_PHASE_STRIP = NO;
				DEBUG_INFORMATION_FORMAT = dwarf;
				ENABLE_STRICT_OBJC_MSGSEND = YES;
				ENABLE_TESTABILITY = YES;
				GCC_C_LANGUAGE_STANDARD = gnu11;
				GCC_DYNAMIC_NO_PIC = NO;
				GCC_NO_COMMON_BLOCKS = YES;
				GCC_OPTIMIZATION_LEVEL = 0;
				GCC_PREPROCESSOR_DEFINITIONS = (
					"DEBUG=1",
					"$(inherited)",
				);
				GCC_WARN_64_TO_32_BIT_CONVERSION = YES;
				GCC_WARN_ABOUT_RETURN_TYPE = YES_ERROR;
				GCC_WARN_UNDECLARED_SELECTOR = YES;
				GCC_WARN_UNINITIALIZED_AUTOS = YES_AGGRESSIVE;
				GCC_WARN_UNUSED_FUNCTION = YES;
				GCC_WARN_UNUSED_VARIABLE = YES;
				IPHONEOS_DEPLOYMENT_TARGET = 13.2;
				MTL_ENABLE_DEBUG_INFO = INCLUDE_SOURCE;
				MTL_FAST_MATH = YES;
				ONLY_ACTIVE_ARCH = YES;
				SDKROOT = iphoneos;
			};
			name = Debug;
		};
		79A41BDD248E2D91009FF527 /* Release */ = {
			isa = XCBuildConfiguration;
			buildSettings = {
				ALWAYS_SEARCH_USER_PATHS = NO;
				CLANG_ANALYZER_NONNULL = YES;
				CLANG_ANALYZER_NUMBER_OBJECT_CONVERSION = YES_AGGRESSIVE;
				CLANG_CXX_LANGUAGE_STANDARD = "gnu++14";
				CLANG_CXX_LIBRARY = "libc++";
				CLANG_ENABLE_MODULES = YES;
				CLANG_ENABLE_OBJC_ARC = YES;
				CLANG_ENABLE_OBJC_WEAK = YES;
				CLANG_WARN_BLOCK_CAPTURE_AUTORELEASING = YES;
				CLANG_WARN_BOOL_CONVERSION = YES;
				CLANG_WARN_COMMA = YES;
				CLANG_WARN_CONSTANT_CONVERSION = YES;
				CLANG_WARN_DEPRECATED_OBJC_IMPLEMENTATIONS = YES;
				CLANG_WARN_DIRECT_OBJC_ISA_USAGE = YES_ERROR;
				CLANG_WARN_DOCUMENTATION_COMMENTS = YES;
				CLANG_WARN_EMPTY_BODY = YES;
				CLANG_WARN_ENUM_CONVERSION = YES;
				CLANG_WARN_INFINITE_RECURSION = YES;
				CLANG_WARN_INT_CONVERSION = YES;
				CLANG_WARN_NON_LITERAL_NULL_CONVERSION = YES;
				CLANG_WARN_OBJC_IMPLICIT_RETAIN_SELF = YES;
				CLANG_WARN_OBJC_LITERAL_CONVERSION = YES;
				CLANG_WARN_OBJC_ROOT_CLASS = YES_ERROR;
				CLANG_WARN_RANGE_LOOP_ANALYSIS = YES;
				CLANG_WARN_STRICT_PROTOTYPES = YES;
				CLANG_WARN_SUSPICIOUS_MOVE = YES;
				CLANG_WARN_UNGUARDED_AVAILABILITY = YES_AGGRESSIVE;
				CLANG_WARN_UNREACHABLE_CODE = YES;
				CLANG_WARN__DUPLICATE_METHOD_MATCH = YES;
				COPY_PHASE_STRIP = NO;
				DEBUG_INFORMATION_FORMAT = "dwarf-with-dsym";
				ENABLE_NS_ASSERTIONS = NO;
				ENABLE_STRICT_OBJC_MSGSEND = YES;
				GCC_C_LANGUAGE_STANDARD = gnu11;
				GCC_NO_COMMON_BLOCKS = YES;
				GCC_WARN_64_TO_32_BIT_CONVERSION = YES;
				GCC_WARN_ABOUT_RETURN_TYPE = YES_ERROR;
				GCC_WARN_UNDECLARED_SELECTOR = YES;
				GCC_WARN_UNINITIALIZED_AUTOS = YES_AGGRESSIVE;
				GCC_WARN_UNUSED_FUNCTION = YES;
				GCC_WARN_UNUSED_VARIABLE = YES;
				IPHONEOS_DEPLOYMENT_TARGET = 13.2;
				MTL_ENABLE_DEBUG_INFO = NO;
				MTL_FAST_MATH = YES;
				SDKROOT = iphoneos;
				VALIDATE_PRODUCT = YES;
			};
			name = Release;
		};
		79A41BDF248E2D91009FF527 /* Debug */ = {
			isa = XCBuildConfiguration;
			baseConfigurationReference = A85735012F2262F7586F8430 /* Pods-OCHub.debug.xcconfig */;
			buildSettings = {
				ASSETCATALOG_COMPILER_APPICON_NAME = AppIcon;
				CODE_SIGN_STYLE = Automatic;
				DEVELOPMENT_TEAM = KU77SE64RP;
				INFOPLIST_FILE = OCHub/Info.plist;
				IPHONEOS_DEPLOYMENT_TARGET = 9.0;
				LD_RUNPATH_SEARCH_PATHS = (
					"$(inherited)",
					"@executable_path/Frameworks",
				);
				PRODUCT_BUNDLE_IDENTIFIER = com.tospery.ochub;
				PRODUCT_NAME = "$(TARGET_NAME)";
				TARGETED_DEVICE_FAMILY = 1;
			};
			name = Debug;
		};
		79A41BE0248E2D91009FF527 /* Release */ = {
			isa = XCBuildConfiguration;
			baseConfigurationReference = C19E929731BB66A081A013BE /* Pods-OCHub.release.xcconfig */;
			buildSettings = {
				ASSETCATALOG_COMPILER_APPICON_NAME = AppIcon;
				CODE_SIGN_STYLE = Automatic;
				DEVELOPMENT_TEAM = KU77SE64RP;
				INFOPLIST_FILE = OCHub/Info.plist;
				IPHONEOS_DEPLOYMENT_TARGET = 9.0;
				LD_RUNPATH_SEARCH_PATHS = (
					"$(inherited)",
					"@executable_path/Frameworks",
				);
				PRODUCT_BUNDLE_IDENTIFIER = com.tospery.ochub;
				PRODUCT_NAME = "$(TARGET_NAME)";
				TARGETED_DEVICE_FAMILY = 1;
			};
			name = Release;
		};
		79A41BE2248E2D91009FF527 /* Debug */ = {
			isa = XCBuildConfiguration;
			buildSettings = {
				BUNDLE_LOADER = "$(TEST_HOST)";
				CODE_SIGN_STYLE = Automatic;
				DEVELOPMENT_TEAM = KU77SE64RP;
				INFOPLIST_FILE = OCHubTests/Info.plist;
				IPHONEOS_DEPLOYMENT_TARGET = 13.2;
				LD_RUNPATH_SEARCH_PATHS = (
					"$(inherited)",
					"@executable_path/Frameworks",
					"@loader_path/Frameworks",
				);
				PRODUCT_BUNDLE_IDENTIFIER = com.tospery.OCHubTests;
				PRODUCT_NAME = "$(TARGET_NAME)";
				TARGETED_DEVICE_FAMILY = "1,2";
				TEST_HOST = "$(BUILT_PRODUCTS_DIR)/OCHub.app/OCHub";
			};
			name = Debug;
		};
		79A41BE3248E2D91009FF527 /* Release */ = {
			isa = XCBuildConfiguration;
			buildSettings = {
				BUNDLE_LOADER = "$(TEST_HOST)";
				CODE_SIGN_STYLE = Automatic;
				DEVELOPMENT_TEAM = KU77SE64RP;
				INFOPLIST_FILE = OCHubTests/Info.plist;
				IPHONEOS_DEPLOYMENT_TARGET = 13.2;
				LD_RUNPATH_SEARCH_PATHS = (
					"$(inherited)",
					"@executable_path/Frameworks",
					"@loader_path/Frameworks",
				);
				PRODUCT_BUNDLE_IDENTIFIER = com.tospery.OCHubTests;
				PRODUCT_NAME = "$(TARGET_NAME)";
				TARGETED_DEVICE_FAMILY = "1,2";
				TEST_HOST = "$(BUILT_PRODUCTS_DIR)/OCHub.app/OCHub";
			};
			name = Release;
		};
		79A41BE5248E2D91009FF527 /* Debug */ = {
			isa = XCBuildConfiguration;
			buildSettings = {
				CODE_SIGN_STYLE = Automatic;
				DEVELOPMENT_TEAM = KU77SE64RP;
				INFOPLIST_FILE = OCHubUITests/Info.plist;
				LD_RUNPATH_SEARCH_PATHS = (
					"$(inherited)",
					"@executable_path/Frameworks",
					"@loader_path/Frameworks",
				);
				PRODUCT_BUNDLE_IDENTIFIER = com.tospery.OCHubUITests;
				PRODUCT_NAME = "$(TARGET_NAME)";
				TARGETED_DEVICE_FAMILY = "1,2";
				TEST_TARGET_NAME = OCHub;
			};
			name = Debug;
		};
		79A41BE6248E2D91009FF527 /* Release */ = {
			isa = XCBuildConfiguration;
			buildSettings = {
				CODE_SIGN_STYLE = Automatic;
				DEVELOPMENT_TEAM = KU77SE64RP;
				INFOPLIST_FILE = OCHubUITests/Info.plist;
				LD_RUNPATH_SEARCH_PATHS = (
					"$(inherited)",
					"@executable_path/Frameworks",
					"@loader_path/Frameworks",
				);
				PRODUCT_BUNDLE_IDENTIFIER = com.tospery.OCHubUITests;
				PRODUCT_NAME = "$(TARGET_NAME)";
				TARGETED_DEVICE_FAMILY = "1,2";
				TEST_TARGET_NAME = OCHub;
			};
			name = Release;
		};
/* End XCBuildConfiguration section */

/* Begin XCConfigurationList section */
		79A41BAA248E2D8F009FF527 /* Build configuration list for PBXProject "OCHub" */ = {
			isa = XCConfigurationList;
			buildConfigurations = (
				79A41BDC248E2D91009FF527 /* Debug */,
				79A41BDD248E2D91009FF527 /* Release */,
			);
			defaultConfigurationIsVisible = 0;
			defaultConfigurationName = Release;
		};
		79A41BDE248E2D91009FF527 /* Build configuration list for PBXNativeTarget "OCHub" */ = {
			isa = XCConfigurationList;
			buildConfigurations = (
				79A41BDF248E2D91009FF527 /* Debug */,
				79A41BE0248E2D91009FF527 /* Release */,
			);
			defaultConfigurationIsVisible = 0;
			defaultConfigurationName = Release;
		};
		79A41BE1248E2D91009FF527 /* Build configuration list for PBXNativeTarget "OCHubTests" */ = {
			isa = XCConfigurationList;
			buildConfigurations = (
				79A41BE2248E2D91009FF527 /* Debug */,
				79A41BE3248E2D91009FF527 /* Release */,
			);
			defaultConfigurationIsVisible = 0;
			defaultConfigurationName = Release;
		};
		79A41BE4248E2D91009FF527 /* Build configuration list for PBXNativeTarget "OCHubUITests" */ = {
			isa = XCConfigurationList;
			buildConfigurations = (
				79A41BE5248E2D91009FF527 /* Debug */,
				79A41BE6248E2D91009FF527 /* Release */,
			);
			defaultConfigurationIsVisible = 0;
			defaultConfigurationName = Release;
		};
/* End XCConfigurationList section */
	};
	rootObject = 79A41BA7248E2D8F009FF527 /* Project object */;
}
