// !$*UTF8*$!
{
	archiveVersion = 1;
	classes = {
	};
	objectVersion = 55;
	objects = {

/* Begin PBXBuildFile section */
		87CB06CB50FFC15598C53EFF /* Pods_OCHub.framework in Frameworks */ = {isa = PBXBuildFile; fileRef = 4ED061F19B769E088A4EFFD5 /* Pods_OCHub.framework */; };
		8C283948273A57F40012A2F2 /* AppDelegate.m in Sources */ = {isa = PBXBuildFile; fileRef = 8C283947273A57F40012A2F2 /* AppDelegate.m */; };
		8C283953273A57F60012A2F2 /* Assets.xcassets in Resources */ = {isa = PBXBuildFile; fileRef = 8C283952273A57F60012A2F2 /* Assets.xcassets */; };
		8C283956273A57F60012A2F2 /* LaunchScreen.storyboard in Resources */ = {isa = PBXBuildFile; fileRef = 8C283954273A57F60012A2F2 /* LaunchScreen.storyboard */; };
		8C283959273A57F60012A2F2 /* main.m in Sources */ = {isa = PBXBuildFile; fileRef = 8C283958273A57F60012A2F2 /* main.m */; };
		8C373491273B6BE30098CCCB /* MineParallaxView.m in Sources */ = {isa = PBXBuildFile; fileRef = 8C373490273B6BE30098CCCB /* MineParallaxView.m */; };
		8C9EE3A7273A5AD3005E6045 /* Localizable.strings in Resources */ = {isa = PBXBuildFile; fileRef = 8C9EE3A6273A5AD3005E6045 /* Localizable.strings */; };
		8C9EE3AB273A5D24005E6045 /* R.m in Sources */ = {isa = PBXBuildFile; fileRef = 8C9EE3AA273A5D23005E6045 /* R.m */; };
		8CA11BEE273A69B000F56A99 /* theme_default.json in Resources */ = {isa = PBXBuildFile; fileRef = 8CA11BED273A69B000F56A99 /* theme_default.json */; };
		8CA11C03273A6A3000F56A99 /* OCFRouterManager+Addition.m in Sources */ = {isa = PBXBuildFile; fileRef = 8CA11BF5273A6A3000F56A99 /* OCFRouterManager+Addition.m */; };
		8CA11C04273A6A3000F56A99 /* OCFLibraryManager+Addition.m in Sources */ = {isa = PBXBuildFile; fileRef = 8CA11BF6273A6A3000F56A99 /* OCFLibraryManager+Addition.m */; };
		8CA11C05273A6A3000F56A99 /* UIView+Addition.m in Sources */ = {isa = PBXBuildFile; fileRef = 8CA11BF7273A6A3000F56A99 /* UIView+Addition.m */; };
		8CA11C06273A6A3000F56A99 /* OCFScrollViewController+Addition.m in Sources */ = {isa = PBXBuildFile; fileRef = 8CA11BF8273A6A3000F56A99 /* OCFScrollViewController+Addition.m */; };
		8CA11C07273A6A3000F56A99 /* QMUIConfigurationTemplate.m in Sources */ = {isa = PBXBuildFile; fileRef = 8CA11BFF273A6A3000F56A99 /* QMUIConfigurationTemplate.m */; };
		8CA11C08273A6A3000F56A99 /* NavigationController.m in Sources */ = {isa = PBXBuildFile; fileRef = 8CA11C02273A6A3000F56A99 /* NavigationController.m */; };
		8CA11C11273A6B6200F56A99 /* Mine.m in Sources */ = {isa = PBXBuildFile; fileRef = 8CA11C10273A6B6200F56A99 /* Mine.m */; };
		8CA11C17273A6B8900F56A99 /* MineCell.m in Sources */ = {isa = PBXBuildFile; fileRef = 8CA11C16273A6B8900F56A99 /* MineCell.m */; };
		8CA11C1C273A6BC800F56A99 /* MineItem.m in Sources */ = {isa = PBXBuildFile; fileRef = 8CA11C1B273A6BC800F56A99 /* MineItem.m */; };
		8CA11C1F273A6BD900F56A99 /* TrendingViewController.m in Sources */ = {isa = PBXBuildFile; fileRef = 8CA11C1E273A6BD900F56A99 /* TrendingViewController.m */; };
		8CA11C22273A6BE600F56A99 /* MineViewController.m in Sources */ = {isa = PBXBuildFile; fileRef = 8CA11C21273A6BE600F56A99 /* MineViewController.m */; };
		8CA11C25273A6C0400F56A99 /* TrendingViewReactor.m in Sources */ = {isa = PBXBuildFile; fileRef = 8CA11C24273A6C0400F56A99 /* TrendingViewReactor.m */; };
		8CA11C28273A6C1600F56A99 /* MineViewReactor.m in Sources */ = {isa = PBXBuildFile; fileRef = 8CA11C27273A6C1600F56A99 /* MineViewReactor.m */; };
		8CF377A0273B5BD100A6C347 /* readme.txt in Resources */ = {isa = PBXBuildFile; fileRef = 8CF3779F273B5BD100A6C347 /* readme.txt */; };
		8CF377A3273B5E3D00A6C347 /* TabBarReactor.m in Sources */ = {isa = PBXBuildFile; fileRef = 8CF377A2273B5E3D00A6C347 /* TabBarReactor.m */; };
		8CF377A6273B5E5500A6C347 /* TabBarController.m in Sources */ = {isa = PBXBuildFile; fileRef = 8CF377A5273B5E5500A6C347 /* TabBarController.m */; };
		8CF377A9273B630F00A6C347 /* AppDependency.m in Sources */ = {isa = PBXBuildFile; fileRef = 8CF377A8273B630F00A6C347 /* AppDependency.m */; };
		8CF377AB273B6A1A00A6C347 /* Mines.json in Resources */ = {isa = PBXBuildFile; fileRef = 8CF377AA273B6A1A00A6C347 /* Mines.json */; };
/* End PBXBuildFile section */

/* Begin PBXFileReference section */
		4ED061F19B769E088A4EFFD5 /* Pods_OCHub.framework */ = {isa = PBXFileReference; explicitFileType = wrapper.framework; includeInIndex = 0; path = Pods_OCHub.framework; sourceTree = BUILT_PRODUCTS_DIR; };
		8C283943273A57F40012A2F2 /* OCHub.app */ = {isa = PBXFileReference; explicitFileType = wrapper.application; includeInIndex = 0; path = OCHub.app; sourceTree = BUILT_PRODUCTS_DIR; };
		8C283946273A57F40012A2F2 /* AppDelegate.h */ = {isa = PBXFileReference; lastKnownFileType = sourcecode.c.h; path = AppDelegate.h; sourceTree = "<group>"; };
		8C283947273A57F40012A2F2 /* AppDelegate.m */ = {isa = PBXFileReference; lastKnownFileType = sourcecode.c.objc; path = AppDelegate.m; sourceTree = "<group>"; };
		8C283952273A57F60012A2F2 /* Assets.xcassets */ = {isa = PBXFileReference; lastKnownFileType = folder.assetcatalog; path = Assets.xcassets; sourceTree = "<group>"; };
		8C283955273A57F60012A2F2 /* Base */ = {isa = PBXFileReference; lastKnownFileType = file.storyboard; name = Base; path = Base.lproj/LaunchScreen.storyboard; sourceTree = "<group>"; };
		8C283957273A57F60012A2F2 /* Info.plist */ = {isa = PBXFileReference; lastKnownFileType = text.plist.xml; path = Info.plist; sourceTree = "<group>"; };
		8C283958273A57F60012A2F2 /* main.m */ = {isa = PBXFileReference; lastKnownFileType = sourcecode.c.objc; path = main.m; sourceTree = "<group>"; };
		8C37348F273B6BE30098CCCB /* MineParallaxView.h */ = {isa = PBXFileReference; lastKnownFileType = sourcecode.c.h; path = MineParallaxView.h; sourceTree = "<group>"; };
		8C373490273B6BE30098CCCB /* MineParallaxView.m */ = {isa = PBXFileReference; lastKnownFileType = sourcecode.c.objc; path = MineParallaxView.m; sourceTree = "<group>"; };
		8C9EE3A6273A5AD3005E6045 /* Localizable.strings */ = {isa = PBXFileReference; lastKnownFileType = text.plist.strings; path = Localizable.strings; sourceTree = "<group>"; };
		8C9EE3A9273A5D23005E6045 /* R.h */ = {isa = PBXFileReference; fileEncoding = 4; lastKnownFileType = sourcecode.c.h; path = R.h; sourceTree = "<group>"; };
		8C9EE3AA273A5D23005E6045 /* R.m */ = {isa = PBXFileReference; fileEncoding = 4; lastKnownFileType = sourcecode.c.objc; path = R.m; sourceTree = "<group>"; };
		8C9EE3AC273A5D91005E6045 /* OCHub.entitlements */ = {isa = PBXFileReference; lastKnownFileType = text.plist.entitlements; path = OCHub.entitlements; sourceTree = "<group>"; };
		8C9EE3AD273A5ECB005E6045 /* PrefixHeader.pch */ = {isa = PBXFileReference; lastKnownFileType = sourcecode.c.h; path = PrefixHeader.pch; sourceTree = "<group>"; };
		8CA11BED273A69B000F56A99 /* theme_default.json */ = {isa = PBXFileReference; fileEncoding = 4; lastKnownFileType = text.json; path = theme_default.json; sourceTree = "<group>"; };
		8CA11BF1273A69EB00F56A99 /* Type.h */ = {isa = PBXFileReference; lastKnownFileType = sourcecode.c.h; path = Type.h; sourceTree = "<group>"; };
		8CA11BF2273A6A0600F56A99 /* Constant.h */ = {isa = PBXFileReference; lastKnownFileType = sourcecode.c.h; path = Constant.h; sourceTree = "<group>"; };
		8CA11BF3273A6A1300F56A99 /* Function.h */ = {isa = PBXFileReference; lastKnownFileType = sourcecode.c.h; path = Function.h; sourceTree = "<group>"; };
		8CA11BF5273A6A3000F56A99 /* OCFRouterManager+Addition.m */ = {isa = PBXFileReference; fileEncoding = 4; lastKnownFileType = sourcecode.c.objc; path = "OCFRouterManager+Addition.m"; sourceTree = "<group>"; };
		8CA11BF6273A6A3000F56A99 /* OCFLibraryManager+Addition.m */ = {isa = PBXFileReference; fileEncoding = 4; lastKnownFileType = sourcecode.c.objc; path = "OCFLibraryManager+Addition.m"; sourceTree = "<group>"; };
		8CA11BF7273A6A3000F56A99 /* UIView+Addition.m */ = {isa = PBXFileReference; fileEncoding = 4; lastKnownFileType = sourcecode.c.objc; path = "UIView+Addition.m"; sourceTree = "<group>"; };
		8CA11BF8273A6A3000F56A99 /* OCFScrollViewController+Addition.m */ = {isa = PBXFileReference; fileEncoding = 4; lastKnownFileType = sourcecode.c.objc; path = "OCFScrollViewController+Addition.m"; sourceTree = "<group>"; };
		8CA11BF9273A6A3000F56A99 /* OCFRouterManager+Addition.h */ = {isa = PBXFileReference; fileEncoding = 4; lastKnownFileType = sourcecode.c.h; path = "OCFRouterManager+Addition.h"; sourceTree = "<group>"; };
		8CA11BFA273A6A3000F56A99 /* UIView+Addition.h */ = {isa = PBXFileReference; fileEncoding = 4; lastKnownFileType = sourcecode.c.h; path = "UIView+Addition.h"; sourceTree = "<group>"; };
		8CA11BFB273A6A3000F56A99 /* OCFLibraryManager+Addition.h */ = {isa = PBXFileReference; fileEncoding = 4; lastKnownFileType = sourcecode.c.h; path = "OCFLibraryManager+Addition.h"; sourceTree = "<group>"; };
		8CA11BFC273A6A3000F56A99 /* OCFScrollViewController+Addition.h */ = {isa = PBXFileReference; fileEncoding = 4; lastKnownFileType = sourcecode.c.h; path = "OCFScrollViewController+Addition.h"; sourceTree = "<group>"; };
		8CA11BFE273A6A3000F56A99 /* QMUIConfigurationTemplate.h */ = {isa = PBXFileReference; fileEncoding = 4; lastKnownFileType = sourcecode.c.h; path = QMUIConfigurationTemplate.h; sourceTree = "<group>"; };
		8CA11BFF273A6A3000F56A99 /* QMUIConfigurationTemplate.m */ = {isa = PBXFileReference; fileEncoding = 4; lastKnownFileType = sourcecode.c.objc; path = QMUIConfigurationTemplate.m; sourceTree = "<group>"; };
		8CA11C01273A6A3000F56A99 /* NavigationController.h */ = {isa = PBXFileReference; fileEncoding = 4; lastKnownFileType = sourcecode.c.h; path = NavigationController.h; sourceTree = "<group>"; };
		8CA11C02273A6A3000F56A99 /* NavigationController.m */ = {isa = PBXFileReference; fileEncoding = 4; lastKnownFileType = sourcecode.c.objc; path = NavigationController.m; sourceTree = "<group>"; };
		8CA11C0F273A6B6200F56A99 /* Mine.h */ = {isa = PBXFileReference; lastKnownFileType = sourcecode.c.h; path = Mine.h; sourceTree = "<group>"; };
		8CA11C10273A6B6200F56A99 /* Mine.m */ = {isa = PBXFileReference; lastKnownFileType = sourcecode.c.objc; path = Mine.m; sourceTree = "<group>"; };
		8CA11C15273A6B8900F56A99 /* MineCell.h */ = {isa = PBXFileReference; lastKnownFileType = sourcecode.c.h; path = MineCell.h; sourceTree = "<group>"; };
		8CA11C16273A6B8900F56A99 /* MineCell.m */ = {isa = PBXFileReference; lastKnownFileType = sourcecode.c.objc; path = MineCell.m; sourceTree = "<group>"; };
		8CA11C1A273A6BC800F56A99 /* MineItem.h */ = {isa = PBXFileReference; lastKnownFileType = sourcecode.c.h; path = MineItem.h; sourceTree = "<group>"; };
		8CA11C1B273A6BC800F56A99 /* MineItem.m */ = {isa = PBXFileReference; lastKnownFileType = sourcecode.c.objc; path = MineItem.m; sourceTree = "<group>"; };
		8CA11C1D273A6BD900F56A99 /* TrendingViewController.h */ = {isa = PBXFileReference; lastKnownFileType = sourcecode.c.h; path = TrendingViewController.h; sourceTree = "<group>"; };
		8CA11C1E273A6BD900F56A99 /* TrendingViewController.m */ = {isa = PBXFileReference; lastKnownFileType = sourcecode.c.objc; path = TrendingViewController.m; sourceTree = "<group>"; };
		8CA11C20273A6BE600F56A99 /* MineViewController.h */ = {isa = PBXFileReference; lastKnownFileType = sourcecode.c.h; path = MineViewController.h; sourceTree = "<group>"; };
		8CA11C21273A6BE600F56A99 /* MineViewController.m */ = {isa = PBXFileReference; lastKnownFileType = sourcecode.c.objc; path = MineViewController.m; sourceTree = "<group>"; };
		8CA11C23273A6C0400F56A99 /* TrendingViewReactor.h */ = {isa = PBXFileReference; lastKnownFileType = sourcecode.c.h; path = TrendingViewReactor.h; sourceTree = "<group>"; };
		8CA11C24273A6C0400F56A99 /* TrendingViewReactor.m */ = {isa = PBXFileReference; lastKnownFileType = sourcecode.c.objc; path = TrendingViewReactor.m; sourceTree = "<group>"; };
		8CA11C26273A6C1600F56A99 /* MineViewReactor.h */ = {isa = PBXFileReference; lastKnownFileType = sourcecode.c.h; path = MineViewReactor.h; sourceTree = "<group>"; };
		8CA11C27273A6C1600F56A99 /* MineViewReactor.m */ = {isa = PBXFileReference; lastKnownFileType = sourcecode.c.objc; path = MineViewReactor.m; sourceTree = "<group>"; };
		8CF3779F273B5BD100A6C347 /* readme.txt */ = {isa = PBXFileReference; lastKnownFileType = text; path = readme.txt; sourceTree = "<group>"; };
		8CF377A1273B5E3D00A6C347 /* TabBarReactor.h */ = {isa = PBXFileReference; lastKnownFileType = sourcecode.c.h; path = TabBarReactor.h; sourceTree = "<group>"; };
		8CF377A2273B5E3D00A6C347 /* TabBarReactor.m */ = {isa = PBXFileReference; lastKnownFileType = sourcecode.c.objc; path = TabBarReactor.m; sourceTree = "<group>"; };
		8CF377A4273B5E5500A6C347 /* TabBarController.h */ = {isa = PBXFileReference; lastKnownFileType = sourcecode.c.h; path = TabBarController.h; sourceTree = "<group>"; };
		8CF377A5273B5E5500A6C347 /* TabBarController.m */ = {isa = PBXFileReference; lastKnownFileType = sourcecode.c.objc; path = TabBarController.m; sourceTree = "<group>"; };
		8CF377A7273B630F00A6C347 /* AppDependency.h */ = {isa = PBXFileReference; lastKnownFileType = sourcecode.c.h; path = AppDependency.h; sourceTree = "<group>"; };
		8CF377A8273B630F00A6C347 /* AppDependency.m */ = {isa = PBXFileReference; lastKnownFileType = sourcecode.c.objc; path = AppDependency.m; sourceTree = "<group>"; };
		8CF377AA273B6A1A00A6C347 /* Mines.json */ = {isa = PBXFileReference; lastKnownFileType = text.json; path = Mines.json; sourceTree = "<group>"; };
		D665E0F13FA2A4A350E13DFF /* Pods-OCHub.release.xcconfig */ = {isa = PBXFileReference; includeInIndex = 1; lastKnownFileType = text.xcconfig; name = "Pods-OCHub.release.xcconfig"; path = "Target Support Files/Pods-OCHub/Pods-OCHub.release.xcconfig"; sourceTree = "<group>"; };
		F9516275A2DDA235AF623723 /* Pods-OCHub.debug.xcconfig */ = {isa = PBXFileReference; includeInIndex = 1; lastKnownFileType = text.xcconfig; name = "Pods-OCHub.debug.xcconfig"; path = "Target Support Files/Pods-OCHub/Pods-OCHub.debug.xcconfig"; sourceTree = "<group>"; };
/* End PBXFileReference section */

/* Begin PBXFrameworksBuildPhase section */
		8C283940273A57F40012A2F2 /* Frameworks */ = {
			isa = PBXFrameworksBuildPhase;
			buildActionMask = 2147483647;
			files = (
				87CB06CB50FFC15598C53EFF /* Pods_OCHub.framework in Frameworks */,
			);
			runOnlyForDeploymentPostprocessing = 0;
		};
/* End PBXFrameworksBuildPhase section */

/* Begin PBXGroup section */
		360C35B41952728FBC7529AD /* Pods */ = {
			isa = PBXGroup;
			children = (
				F9516275A2DDA235AF623723 /* Pods-OCHub.debug.xcconfig */,
				D665E0F13FA2A4A350E13DFF /* Pods-OCHub.release.xcconfig */,
			);
			path = Pods;
			sourceTree = "<group>";
		};
		8C28393A273A57F40012A2F2 = {
			isa = PBXGroup;
			children = (
				8C283945273A57F40012A2F2 /* OCHub */,
				8C283944273A57F40012A2F2 /* Products */,
				360C35B41952728FBC7529AD /* Pods */,
				EBE75F2482AF39BCB32F885C /* Frameworks */,
			);
			sourceTree = "<group>";
		};
		8C283944273A57F40012A2F2 /* Products */ = {
			isa = PBXGroup;
			children = (
				8C283943273A57F40012A2F2 /* OCHub.app */,
			);
			name = Products;
			sourceTree = "<group>";
		};
		8C283945273A57F40012A2F2 /* OCHub */ = {
			isa = PBXGroup;
			children = (
				8CA11BEF273A69C100F56A99 /* Component */,
				8C9EE3A5273A5AA9005E6045 /* Core */,
				8CA11C09273A6B2300F56A99 /* Module */,
				8CA11BEC273A699B00F56A99 /* Resource */,
			);
			path = OCHub;
			sourceTree = "<group>";
		};
		8C9EE3A5273A5AA9005E6045 /* Core */ = {
			isa = PBXGroup;
			children = (
				8C283946273A57F40012A2F2 /* AppDelegate.h */,
				8C283947273A57F40012A2F2 /* AppDelegate.m */,
				8C283952273A57F60012A2F2 /* Assets.xcassets */,
				8C283957273A57F60012A2F2 /* Info.plist */,
				8C283954273A57F60012A2F2 /* LaunchScreen.storyboard */,
				8C9EE3A6273A5AD3005E6045 /* Localizable.strings */,
				8C283958273A57F60012A2F2 /* main.m */,
				8C9EE3AC273A5D91005E6045 /* OCHub.entitlements */,
				8C9EE3AD273A5ECB005E6045 /* PrefixHeader.pch */,
				8C9EE3A9273A5D23005E6045 /* R.h */,
				8C9EE3AA273A5D23005E6045 /* R.m */,
				8CF3779F273B5BD100A6C347 /* readme.txt */,
				8CF377A7273B630F00A6C347 /* AppDependency.h */,
				8CF377A8273B630F00A6C347 /* AppDependency.m */,
			);
			name = Core;
			sourceTree = "<group>";
		};
		8CA11BEC273A699B00F56A99 /* Resource */ = {
			isa = PBXGroup;
			children = (
				8CA11BED273A69B000F56A99 /* theme_default.json */,
				8CF377AA273B6A1A00A6C347 /* Mines.json */,
			);
			path = Resource;
			sourceTree = "<group>";
		};
		8CA11BEF273A69C100F56A99 /* Component */ = {
			isa = PBXGroup;
			children = (
				8CA11BF4273A6A3000F56A99 /* Category */,
				8CA11BFD273A6A3000F56A99 /* Configuration */,
				8CA11C00273A6A3000F56A99 /* Navigation */,
				8CA11BF0273A69D400F56A99 /* Foundation */,
			);
			path = Component;
			sourceTree = "<group>";
		};
		8CA11BF0273A69D400F56A99 /* Foundation */ = {
			isa = PBXGroup;
			children = (
				8CA11BF1273A69EB00F56A99 /* Type.h */,
				8CA11BF2273A6A0600F56A99 /* Constant.h */,
				8CA11BF3273A6A1300F56A99 /* Function.h */,
			);
			path = Foundation;
			sourceTree = "<group>";
		};
		8CA11BF4273A6A3000F56A99 /* Category */ = {
			isa = PBXGroup;
			children = (
				8CA11BFB273A6A3000F56A99 /* OCFLibraryManager+Addition.h */,
				8CA11BF6273A6A3000F56A99 /* OCFLibraryManager+Addition.m */,
				8CA11BF9273A6A3000F56A99 /* OCFRouterManager+Addition.h */,
				8CA11BF5273A6A3000F56A99 /* OCFRouterManager+Addition.m */,
				8CA11BFC273A6A3000F56A99 /* OCFScrollViewController+Addition.h */,
				8CA11BF8273A6A3000F56A99 /* OCFScrollViewController+Addition.m */,
				8CA11BFA273A6A3000F56A99 /* UIView+Addition.h */,
				8CA11BF7273A6A3000F56A99 /* UIView+Addition.m */,
			);
			path = Category;
			sourceTree = "<group>";
		};
		8CA11BFD273A6A3000F56A99 /* Configuration */ = {
			isa = PBXGroup;
			children = (
				8CA11BFE273A6A3000F56A99 /* QMUIConfigurationTemplate.h */,
				8CA11BFF273A6A3000F56A99 /* QMUIConfigurationTemplate.m */,
			);
			path = Configuration;
			sourceTree = "<group>";
		};
		8CA11C00273A6A3000F56A99 /* Navigation */ = {
			isa = PBXGroup;
			children = (
				8CA11C01273A6A3000F56A99 /* NavigationController.h */,
				8CA11C02273A6A3000F56A99 /* NavigationController.m */,
			);
			path = Navigation;
			sourceTree = "<group>";
		};
		8CA11C09273A6B2300F56A99 /* Module */ = {
			isa = PBXGroup;
			children = (
				8CA11C19273A6BB200F56A99 /* Item */,
				8CA11C0E273A6B4400F56A99 /* Cell */,
				8CA11C0D273A6B3C00F56A99 /* Controller */,
				8CA11C0C273A6B3500F56A99 /* Reactor */,
				8CA11C0B273A6B3000F56A99 /* View */,
				8CA11C0A273A6B2900F56A99 /* Model */,
			);
			path = Module;
			sourceTree = "<group>";
		};
		8CA11C0A273A6B2900F56A99 /* Model */ = {
			isa = PBXGroup;
			children = (
				8CA11C0F273A6B6200F56A99 /* Mine.h */,
				8CA11C10273A6B6200F56A99 /* Mine.m */,
			);
			path = Model;
			sourceTree = "<group>";
		};
		8CA11C0B273A6B3000F56A99 /* View */ = {
			isa = PBXGroup;
			children = (
				8C37348F273B6BE30098CCCB /* MineParallaxView.h */,
				8C373490273B6BE30098CCCB /* MineParallaxView.m */,
			);
			path = View;
			sourceTree = "<group>";
		};
		8CA11C0C273A6B3500F56A99 /* Reactor */ = {
			isa = PBXGroup;
			children = (
				8CA11C23273A6C0400F56A99 /* TrendingViewReactor.h */,
				8CA11C24273A6C0400F56A99 /* TrendingViewReactor.m */,
				8CA11C26273A6C1600F56A99 /* MineViewReactor.h */,
				8CA11C27273A6C1600F56A99 /* MineViewReactor.m */,
				8CF377A1273B5E3D00A6C347 /* TabBarReactor.h */,
				8CF377A2273B5E3D00A6C347 /* TabBarReactor.m */,
			);
			path = Reactor;
			sourceTree = "<group>";
		};
		8CA11C0D273A6B3C00F56A99 /* Controller */ = {
			isa = PBXGroup;
			children = (
				8CA11C1D273A6BD900F56A99 /* TrendingViewController.h */,
				8CA11C1E273A6BD900F56A99 /* TrendingViewController.m */,
				8CA11C20273A6BE600F56A99 /* MineViewController.h */,
				8CA11C21273A6BE600F56A99 /* MineViewController.m */,
				8CF377A4273B5E5500A6C347 /* TabBarController.h */,
				8CF377A5273B5E5500A6C347 /* TabBarController.m */,
			);
			path = Controller;
			sourceTree = "<group>";
		};
		8CA11C0E273A6B4400F56A99 /* Cell */ = {
			isa = PBXGroup;
			children = (
				8CA11C15273A6B8900F56A99 /* MineCell.h */,
				8CA11C16273A6B8900F56A99 /* MineCell.m */,
			);
			path = Cell;
			sourceTree = "<group>";
		};
		8CA11C19273A6BB200F56A99 /* Item */ = {
			isa = PBXGroup;
			children = (
				8CA11C1A273A6BC800F56A99 /* MineItem.h */,
				8CA11C1B273A6BC800F56A99 /* MineItem.m */,
			);
			path = Item;
			sourceTree = "<group>";
		};
		EBE75F2482AF39BCB32F885C /* Frameworks */ = {
			isa = PBXGroup;
			children = (
				4ED061F19B769E088A4EFFD5 /* Pods_OCHub.framework */,
			);
			name = Frameworks;
			sourceTree = "<group>";
		};
/* End PBXGroup section */

/* Begin PBXNativeTarget section */
		8C283942273A57F40012A2F2 /* OCHub */ = {
			isa = PBXNativeTarget;
			buildConfigurationList = 8C28395C273A57F60012A2F2 /* Build configuration list for PBXNativeTarget "OCHub" */;
			buildPhases = (
				9782D32F3FCC233625585F2C /* [CP] Check Pods Manifest.lock */,
				8C28393F273A57F40012A2F2 /* Sources */,
				8C283940273A57F40012A2F2 /* Frameworks */,
				8C283941273A57F40012A2F2 /* Resources */,
				8C9EE3A8273A5CC9005E6045 /* R.objc */,
				E004DC013F31D8EB8216AD35 /* [CP] Embed Pods Frameworks */,
			);
			buildRules = (
			);
			dependencies = (
			);
			name = OCHub;
			productName = OCHub;
			productReference = 8C283943273A57F40012A2F2 /* OCHub.app */;
			productType = "com.apple.product-type.application";
		};
/* End PBXNativeTarget section */

/* Begin PBXProject section */
		8C28393B273A57F40012A2F2 /* Project object */ = {
			isa = PBXProject;
			attributes = {
				BuildIndependentTargetsInParallel = 1;
				LastUpgradeCheck = 1310;
				TargetAttributes = {
					8C283942273A57F40012A2F2 = {
						CreatedOnToolsVersion = 13.1;
					};
				};
			};
			buildConfigurationList = 8C28393E273A57F40012A2F2 /* Build configuration list for PBXProject "OCHub" */;
			compatibilityVersion = "Xcode 13.0";
			developmentRegion = en;
			hasScannedForEncodings = 0;
			knownRegions = (
				en,
				Base,
			);
			mainGroup = 8C28393A273A57F40012A2F2;
			productRefGroup = 8C283944273A57F40012A2F2 /* Products */;
			projectDirPath = "";
			projectRoot = "";
			targets = (
				8C283942273A57F40012A2F2 /* OCHub */,
			);
		};
/* End PBXProject section */

/* Begin PBXResourcesBuildPhase section */
		8C283941273A57F40012A2F2 /* Resources */ = {
			isa = PBXResourcesBuildPhase;
			buildActionMask = 2147483647;
			files = (
				8CF377A0273B5BD100A6C347 /* readme.txt in Resources */,
				8C283956273A57F60012A2F2 /* LaunchScreen.storyboard in Resources */,
				8CA11BEE273A69B000F56A99 /* theme_default.json in Resources */,
				8C9EE3A7273A5AD3005E6045 /* Localizable.strings in Resources */,
				8CF377AB273B6A1A00A6C347 /* Mines.json in Resources */,
				8C283953273A57F60012A2F2 /* Assets.xcassets in Resources */,
			);
			runOnlyForDeploymentPostprocessing = 0;
		};
/* End PBXResourcesBuildPhase section */

/* Begin PBXShellScriptBuildPhase section */
		8C9EE3A8273A5CC9005E6045 /* R.objc */ = {
			isa = PBXShellScriptBuildPhase;
			buildActionMask = 2147483647;
			files = (
			);
			inputFileListPaths = (
			);
			inputPaths = (
			);
			name = R.objc;
			outputFileListPaths = (
			);
			outputPaths = (
			);
			runOnlyForDeploymentPostprocessing = 0;
			shellPath = /bin/sh;
			shellScript = "\"${PODS_ROOT}/R.objc/Robjc\" -p \"$SRCROOT/OCHub\" --skip-themes\n";
		};
		9782D32F3FCC233625585F2C /* [CP] Check Pods Manifest.lock */ = {
			isa = PBXShellScriptBuildPhase;
			buildActionMask = 2147483647;
			files = (
			);
			inputFileListPaths = (
			);
			inputPaths = (
				"${PODS_PODFILE_DIR_PATH}/Podfile.lock",
				"${PODS_ROOT}/Manifest.lock",
			);
			name = "[CP] Check Pods Manifest.lock";
			outputFileListPaths = (
			);
			outputPaths = (
				"$(DERIVED_FILE_DIR)/Pods-OCHub-checkManifestLockResult.txt",
			);
			runOnlyForDeploymentPostprocessing = 0;
			shellPath = /bin/sh;
			shellScript = "diff \"${PODS_PODFILE_DIR_PATH}/Podfile.lock\" \"${PODS_ROOT}/Manifest.lock\" > /dev/null\nif [ $? != 0 ] ; then\n    # print error to STDERR\n    echo \"error: The sandbox is not in sync with the Podfile.lock. Run 'pod install' or update your CocoaPods installation.\" >&2\n    exit 1\nfi\n# This output is used by Xcode 'outputs' to avoid re-running this script phase.\necho \"SUCCESS\" > \"${SCRIPT_OUTPUT_FILE_0}\"\n";
			showEnvVarsInLog = 0;
		};
		E004DC013F31D8EB8216AD35 /* [CP] Embed Pods Frameworks */ = {
			isa = PBXShellScriptBuildPhase;
			buildActionMask = 2147483647;
			files = (
			);
			inputFileListPaths = (
				"${PODS_ROOT}/Target Support Files/Pods-OCHub/Pods-OCHub-frameworks-${CONFIGURATION}-input-files.xcfilelist",
			);
			name = "[CP] Embed Pods Frameworks";
			outputFileListPaths = (
				"${PODS_ROOT}/Target Support Files/Pods-OCHub/Pods-OCHub-frameworks-${CONFIGURATION}-output-files.xcfilelist",
			);
			runOnlyForDeploymentPostprocessing = 0;
			shellPath = /bin/sh;
			shellScript = "\"${PODS_ROOT}/Target Support Files/Pods-OCHub/Pods-OCHub-frameworks.sh\"\n";
			showEnvVarsInLog = 0;
		};
/* End PBXShellScriptBuildPhase section */

/* Begin PBXSourcesBuildPhase section */
		8C28393F273A57F40012A2F2 /* Sources */ = {
			isa = PBXSourcesBuildPhase;
			buildActionMask = 2147483647;
			files = (
				8CA11C28273A6C1600F56A99 /* MineViewReactor.m in Sources */,
				8C9EE3AB273A5D24005E6045 /* R.m in Sources */,
				8CA11C22273A6BE600F56A99 /* MineViewController.m in Sources */,
				8CA11C05273A6A3000F56A99 /* UIView+Addition.m in Sources */,
				8CA11C06273A6A3000F56A99 /* OCFScrollViewController+Addition.m in Sources */,
				8C283948273A57F40012A2F2 /* AppDelegate.m in Sources */,
				8CA11C1F273A6BD900F56A99 /* TrendingViewController.m in Sources */,
				8CA11C25273A6C0400F56A99 /* TrendingViewReactor.m in Sources */,
				8C283959273A57F60012A2F2 /* main.m in Sources */,
				8CF377A3273B5E3D00A6C347 /* TabBarReactor.m in Sources */,
				8CA11C04273A6A3000F56A99 /* OCFLibraryManager+Addition.m in Sources */,
				8C373491273B6BE30098CCCB /* MineParallaxView.m in Sources */,
				8CA11C17273A6B8900F56A99 /* MineCell.m in Sources */,
				8CA11C1C273A6BC800F56A99 /* MineItem.m in Sources */,
				8CA11C08273A6A3000F56A99 /* NavigationController.m in Sources */,
				8CA11C11273A6B6200F56A99 /* Mine.m in Sources */,
				8CF377A6273B5E5500A6C347 /* TabBarController.m in Sources */,
				8CA11C03273A6A3000F56A99 /* OCFRouterManager+Addition.m in Sources */,
				8CF377A9273B630F00A6C347 /* AppDependency.m in Sources */,
				8CA11C07273A6A3000F56A99 /* QMUIConfigurationTemplate.m in Sources */,
			);
			runOnlyForDeploymentPostprocessing = 0;
		};
/* End PBXSourcesBuildPhase section */

/* Begin PBXVariantGroup section */
		8C283954273A57F60012A2F2 /* LaunchScreen.storyboard */ = {
			isa = PBXVariantGroup;
			children = (
				8C283955273A57F60012A2F2 /* Base */,
			);
			name = LaunchScreen.storyboard;
			sourceTree = "<group>";
		};
/* End PBXVariantGroup section */

/* Begin XCBuildConfiguration section */
		8C28395A273A57F60012A2F2 /* Debug */ = {
			isa = XCBuildConfiguration;
			buildSettings = {
				ALWAYS_SEARCH_USER_PATHS = NO;
				CLANG_ANALYZER_NONNULL = YES;
				CLANG_ANALYZER_NUMBER_OBJECT_CONVERSION = YES_AGGRESSIVE;
				CLANG_CXX_LANGUAGE_STANDARD = "gnu++17";
				CLANG_CXX_LIBRARY = "libc++";
				CLANG_ENABLE_MODULES = YES;
				CLANG_ENABLE_OBJC_ARC = YES;
				CLANG_ENABLE_OBJC_WEAK = YES;
				CLANG_WARN_BLOCK_CAPTURE_AUTORELEASING = YES;
				CLANG_WARN_BOOL_CONVERSION = YES;
				CLANG_WARN_COMMA = YES;
				CLANG_WARN_CONSTANT_CONVERSION = YES;
				CLANG_WARN_DEPRECATED_OBJC_IMPLEMENTATIONS = YES;
				CLANG_WARN_DIRECT_OBJC_ISA_USAGE = YES_ERROR;
				CLANG_WARN_DOCUMENTATION_COMMENTS = YES;
				CLANG_WARN_EMPTY_BODY = YES;
				CLANG_WARN_ENUM_CONVERSION = YES;
				CLANG_WARN_INFINITE_RECURSION = YES;
				CLANG_WARN_INT_CONVERSION = YES;
				CLANG_WARN_NON_LITERAL_NULL_CONVERSION = YES;
				CLANG_WARN_OBJC_IMPLICIT_RETAIN_SELF = YES;
				CLANG_WARN_OBJC_LITERAL_CONVERSION = YES;
				CLANG_WARN_OBJC_ROOT_CLASS = YES_ERROR;
				CLANG_WARN_QUOTED_INCLUDE_IN_FRAMEWORK_HEADER = YES;
				CLANG_WARN_RANGE_LOOP_ANALYSIS = YES;
				CLANG_WARN_STRICT_PROTOTYPES = YES;
				CLANG_WARN_SUSPICIOUS_MOVE = YES;
				CLANG_WARN_UNGUARDED_AVAILABILITY = YES_AGGRESSIVE;
				CLANG_WARN_UNREACHABLE_CODE = YES;
				CLANG_WARN__DUPLICATE_METHOD_MATCH = YES;
				COPY_PHASE_STRIP = NO;
				DEBUG_INFORMATION_FORMAT = dwarf;
				ENABLE_STRICT_OBJC_MSGSEND = YES;
				ENABLE_TESTABILITY = YES;
				GCC_C_LANGUAGE_STANDARD = gnu11;
				GCC_DYNAMIC_NO_PIC = NO;
				GCC_NO_COMMON_BLOCKS = YES;
				GCC_OPTIMIZATION_LEVEL = 0;
				GCC_PREPROCESSOR_DEFINITIONS = (
					"DEBUG=1",
					"$(inherited)",
				);
				GCC_WARN_64_TO_32_BIT_CONVERSION = YES;
				GCC_WARN_ABOUT_RETURN_TYPE = YES_ERROR;
				GCC_WARN_UNDECLARED_SELECTOR = YES;
				GCC_WARN_UNINITIALIZED_AUTOS = YES_AGGRESSIVE;
				GCC_WARN_UNUSED_FUNCTION = YES;
				GCC_WARN_UNUSED_VARIABLE = YES;
				IPHONEOS_DEPLOYMENT_TARGET = 15.0;
				MTL_ENABLE_DEBUG_INFO = INCLUDE_SOURCE;
				MTL_FAST_MATH = YES;
				ONLY_ACTIVE_ARCH = YES;
				SDKROOT = iphoneos;
			};
			name = Debug;
		};
		8C28395B273A57F60012A2F2 /* Release */ = {
			isa = XCBuildConfiguration;
			buildSettings = {
				ALWAYS_SEARCH_USER_PATHS = NO;
				CLANG_ANALYZER_NONNULL = YES;
				CLANG_ANALYZER_NUMBER_OBJECT_CONVERSION = YES_AGGRESSIVE;
				CLANG_CXX_LANGUAGE_STANDARD = "gnu++17";
				CLANG_CXX_LIBRARY = "libc++";
				CLANG_ENABLE_MODULES = YES;
				CLANG_ENABLE_OBJC_ARC = YES;
				CLANG_ENABLE_OBJC_WEAK = YES;
				CLANG_WARN_BLOCK_CAPTURE_AUTORELEASING = YES;
				CLANG_WARN_BOOL_CONVERSION = YES;
				CLANG_WARN_COMMA = YES;
				CLANG_WARN_CONSTANT_CONVERSION = YES;
				CLANG_WARN_DEPRECATED_OBJC_IMPLEMENTATIONS = YES;
				CLANG_WARN_DIRECT_OBJC_ISA_USAGE = YES_ERROR;
				CLANG_WARN_DOCUMENTATION_COMMENTS = YES;
				CLANG_WARN_EMPTY_BODY = YES;
				CLANG_WARN_ENUM_CONVERSION = YES;
				CLANG_WARN_INFINITE_RECURSION = YES;
				CLANG_WARN_INT_CONVERSION = YES;
				CLANG_WARN_NON_LITERAL_NULL_CONVERSION = YES;
				CLANG_WARN_OBJC_IMPLICIT_RETAIN_SELF = YES;
				CLANG_WARN_OBJC_LITERAL_CONVERSION = YES;
				CLANG_WARN_OBJC_ROOT_CLASS = YES_ERROR;
				CLANG_WARN_QUOTED_INCLUDE_IN_FRAMEWORK_HEADER = YES;
				CLANG_WARN_RANGE_LOOP_ANALYSIS = YES;
				CLANG_WARN_STRICT_PROTOTYPES = YES;
				CLANG_WARN_SUSPICIOUS_MOVE = YES;
				CLANG_WARN_UNGUARDED_AVAILABILITY = YES_AGGRESSIVE;
				CLANG_WARN_UNREACHABLE_CODE = YES;
				CLANG_WARN__DUPLICATE_METHOD_MATCH = YES;
				COPY_PHASE_STRIP = NO;
				DEBUG_INFORMATION_FORMAT = "dwarf-with-dsym";
				ENABLE_NS_ASSERTIONS = NO;
				ENABLE_STRICT_OBJC_MSGSEND = YES;
				GCC_C_LANGUAGE_STANDARD = gnu11;
				GCC_NO_COMMON_BLOCKS = YES;
				GCC_WARN_64_TO_32_BIT_CONVERSION = YES;
				GCC_WARN_ABOUT_RETURN_TYPE = YES_ERROR;
				GCC_WARN_UNDECLARED_SELECTOR = YES;
				GCC_WARN_UNINITIALIZED_AUTOS = YES_AGGRESSIVE;
				GCC_WARN_UNUSED_FUNCTION = YES;
				GCC_WARN_UNUSED_VARIABLE = YES;
				IPHONEOS_DEPLOYMENT_TARGET = 15.0;
				MTL_ENABLE_DEBUG_INFO = NO;
				MTL_FAST_MATH = YES;
				SDKROOT = iphoneos;
				VALIDATE_PRODUCT = YES;
			};
			name = Release;
		};
		8C28395D273A57F60012A2F2 /* Debug */ = {
			isa = XCBuildConfiguration;
			baseConfigurationReference = F9516275A2DDA235AF623723 /* Pods-OCHub.debug.xcconfig */;
			buildSettings = {
				ASSETCATALOG_COMPILER_APPICON_NAME = AppIcon;
				ASSETCATALOG_COMPILER_GLOBAL_ACCENT_COLOR_NAME = AccentColor;
				CODE_SIGN_ENTITLEMENTS = OCHub/OCHub.entitlements;
				CODE_SIGN_STYLE = Automatic;
				CURRENT_PROJECT_VERSION = 1;
				DEVELOPMENT_TEAM = WDE622528T;
				GCC_PRECOMPILE_PREFIX_HEADER = YES;
				GCC_PREFIX_HEADER = OCHub/PrefixHeader.pch;
				GENERATE_INFOPLIST_FILE = YES;
				INFOPLIST_FILE = OCHub/Info.plist;
				INFOPLIST_KEY_UIApplicationSupportsIndirectInputEvents = YES;
				INFOPLIST_KEY_UILaunchStoryboardName = LaunchScreen;
				INFOPLIST_KEY_UISupportedInterfaceOrientations_iPad = "UIInterfaceOrientationPortrait UIInterfaceOrientationPortraitUpsideDown UIInterfaceOrientationLandscapeLeft UIInterfaceOrientationLandscapeRight";
				INFOPLIST_KEY_UISupportedInterfaceOrientations_iPhone = "UIInterfaceOrientationPortrait UIInterfaceOrientationLandscapeLeft UIInterfaceOrientationLandscapeRight";
				INFOPLIST_KEY_UIUserInterfaceStyle = Light;
				IPHONEOS_DEPLOYMENT_TARGET = 11.0;
				LD_RUNPATH_SEARCH_PATHS = (
					"$(inherited)",
					"@executable_path/Frameworks",
				);
				MARKETING_VERSION = 1.0.0;
				PRODUCT_BUNDLE_IDENTIFIER = com.jianxiang.ochub;
				PRODUCT_NAME = "$(TARGET_NAME)";
				SWIFT_EMIT_LOC_STRINGS = YES;
				TARGETED_DEVICE_FAMILY = 1;
			};
			name = Debug;
		};
		8C28395E273A57F60012A2F2 /* Release */ = {
			isa = XCBuildConfiguration;
			baseConfigurationReference = D665E0F13FA2A4A350E13DFF /* Pods-OCHub.release.xcconfig */;
			buildSettings = {
				ASSETCATALOG_COMPILER_APPICON_NAME = AppIcon;
				ASSETCATALOG_COMPILER_GLOBAL_ACCENT_COLOR_NAME = AccentColor;
				CODE_SIGN_ENTITLEMENTS = OCHub/OCHub.entitlements;
				CODE_SIGN_STYLE = Automatic;
				CURRENT_PROJECT_VERSION = 1;
				DEVELOPMENT_TEAM = WDE622528T;
				GCC_PRECOMPILE_PREFIX_HEADER = YES;
				GCC_PREFIX_HEADER = OCHub/PrefixHeader.pch;
				GENERATE_INFOPLIST_FILE = YES;
				INFOPLIST_FILE = OCHub/Info.plist;
				INFOPLIST_KEY_UIApplicationSupportsIndirectInputEvents = YES;
				INFOPLIST_KEY_UILaunchStoryboardName = LaunchScreen;
				INFOPLIST_KEY_UISupportedInterfaceOrientations_iPad = "UIInterfaceOrientationPortrait UIInterfaceOrientationPortraitUpsideDown UIInterfaceOrientationLandscapeLeft UIInterfaceOrientationLandscapeRight";
				INFOPLIST_KEY_UISupportedInterfaceOrientations_iPhone = "UIInterfaceOrientationPortrait UIInterfaceOrientationLandscapeLeft UIInterfaceOrientationLandscapeRight";
				INFOPLIST_KEY_UIUserInterfaceStyle = Light;
				IPHONEOS_DEPLOYMENT_TARGET = 11.0;
				LD_RUNPATH_SEARCH_PATHS = (
					"$(inherited)",
					"@executable_path/Frameworks",
				);
				MARKETING_VERSION = 1.0.0;
				PRODUCT_BUNDLE_IDENTIFIER = com.jianxiang.ochub;
				PRODUCT_NAME = "$(TARGET_NAME)";
				SWIFT_EMIT_LOC_STRINGS = YES;
				TARGETED_DEVICE_FAMILY = 1;
			};
			name = Release;
		};
/* End XCBuildConfiguration section */

/* Begin XCConfigurationList section */
		8C28393E273A57F40012A2F2 /* Build configuration list for PBXProject "OCHub" */ = {
			isa = XCConfigurationList;
			buildConfigurations = (
				8C28395A273A57F60012A2F2 /* Debug */,
				8C28395B273A57F60012A2F2 /* Release */,
			);
			defaultConfigurationIsVisible = 0;
			defaultConfigurationName = Release;
		};
		8C28395C273A57F60012A2F2 /* Build configuration list for PBXNativeTarget "OCHub" */ = {
			isa = XCConfigurationList;
			buildConfigurations = (
				8C28395D273A57F60012A2F2 /* Debug */,
				8C28395E273A57F60012A2F2 /* Release */,
			);
			defaultConfigurationIsVisible = 0;
			defaultConfigurationName = Release;
		};
/* End XCConfigurationList section */
	};
	rootObject = 8C28393B273A57F40012A2F2 /* Project object */;
}
